{
  "name": "oss2026-a1",
  "version": "1.0.0",
  "lockfileVersion": 3,
  "requires": true,
  "packages": {
    "": {
      "name": "oss2026-a1",
      "version": "1.0.0",
      "license": "MIT",
      "dependencies": {
        "splice-string": "^3.0.0"
      }
    },
    "node_modules/lodash.toarray": {
      "version": "4.4.0",
      "resolved": "https://registry.npmjs.org/lodash.toarray/-/lodash.toarray-4.4.0.tgz",
      "integrity": "sha512-QyffEA3i5dma5q2490+SgCvDN0pXLmRGSyAANuVi0HQ01Pkfr9fuoKQW8wm1wGBnJITs/mS7wQvS6VshUEBFCw==",
      "license": "MIT"
    },
    "node_modules/splice-string": {
      "version": "3.0.0",
      "resolved": "https://registry.npmjs.org/splice-string/-/splice-string-3.0.0.tgz",
      "integrity": "sha512-v21wf4PDsRBjjQlQMsoEl0P/FugJmhzCJeDCQCzETL3HcM8kY4MAU+FlfAf/8pnxuzWgbI7O04wCsvYB/nAVlw==",
      "license": "MIT",
      "dependencies": {
        "lodash.toarray": "^4.4.0"
      },
      "engines": {
        "node": ">=12"
      },
      "funding": {
        "url": "https://github.com/sponsors/sindresorhus"
      }
    }
  }
}
